// !$*UTF8*$!
{
	archiveVersion = 1;
	classes = {
	};
	objectVersion = 46;
	objects = {

/* Begin PBXBuildFile section */
		5035D3401EC121AF00237DA5 /* GoogleService-Info.plist in Resources */ = {isa = PBXBuildFile; fileRef = 5035D33F1EC121AF00237DA5 /* GoogleService-Info.plist */; };
		506101D11EC233AD00DB3F48 /* Interface.storyboard in Resources */ = {isa = PBXBuildFile; fileRef = 506101CF1EC233AD00DB3F48 /* Interface.storyboard */; };
		506101D31EC233AD00DB3F48 /* Assets.xcassets in Resources */ = {isa = PBXBuildFile; fileRef = 506101D21EC233AD00DB3F48 /* Assets.xcassets */; };
		506101DA1EC233AE00DB3F48 /* WatchKit-ToDoList Extension.appex in Embed App Extensions */ = {isa = PBXBuildFile; fileRef = 506101D91EC233AE00DB3F48 /* WatchKit-ToDoList Extension.appex */; settings = {ATTRIBUTES = (RemoveHeadersOnCopy, ); }; };
		506101E01EC233AE00DB3F48 /* InterfaceController.m in Sources */ = {isa = PBXBuildFile; fileRef = 506101DF1EC233AE00DB3F48 /* InterfaceController.m */; };
		506101E31EC233AE00DB3F48 /* ExtensionDelegate.m in Sources */ = {isa = PBXBuildFile; fileRef = 506101E21EC233AE00DB3F48 /* ExtensionDelegate.m */; };
		506101E51EC233AE00DB3F48 /* Assets.xcassets in Resources */ = {isa = PBXBuildFile; fileRef = 506101E41EC233AE00DB3F48 /* Assets.xcassets */; };
		506101E91EC233AE00DB3F48 /* WatchKit-ToDoList.app in Embed Watch Content */ = {isa = PBXBuildFile; fileRef = 506101CD1EC233AD00DB3F48 /* WatchKit-ToDoList.app */; };
		50B785CE1EC0EBBF00994FCA /* LoginViewController.m in Sources */ = {isa = PBXBuildFile; fileRef = 50B785CD1EC0EBBF00994FCA /* LoginViewController.m */; };
		50B785D41EC10E5D00994FCA /* NewToDoViewController.m in Sources */ = {isa = PBXBuildFile; fileRef = 50B785D31EC10E5D00994FCA /* NewToDoViewController.m */; };
		50C9651D1EC14AE300DDB853 /* ToDo.m in Sources */ = {isa = PBXBuildFile; fileRef = 50C9651C1EC14AE300DDB853 /* ToDo.m */; };
		50DEE1EA1EC0DF0F0083AA8F /* main.m in Sources */ = {isa = PBXBuildFile; fileRef = 50DEE1E91EC0DF0F0083AA8F /* main.m */; };
		50DEE1ED1EC0DF0F0083AA8F /* AppDelegate.m in Sources */ = {isa = PBXBuildFile; fileRef = 50DEE1EC1EC0DF0F0083AA8F /* AppDelegate.m */; };
		50DEE1F01EC0DF0F0083AA8F /* ViewController.m in Sources */ = {isa = PBXBuildFile; fileRef = 50DEE1EF1EC0DF0F0083AA8F /* ViewController.m */; };
		50DEE1F31EC0DF0F0083AA8F /* Main.storyboard in Resources */ = {isa = PBXBuildFile; fileRef = 50DEE1F11EC0DF0F0083AA8F /* Main.storyboard */; };
		50DEE1F51EC0DF0F0083AA8F /* Assets.xcassets in Resources */ = {isa = PBXBuildFile; fileRef = 50DEE1F41EC0DF0F0083AA8F /* Assets.xcassets */; };
		50DEE1F81EC0DF0F0083AA8F /* LaunchScreen.storyboard in Resources */ = {isa = PBXBuildFile; fileRef = 50DEE1F61EC0DF0F0083AA8F /* LaunchScreen.storyboard */; };
		EC14917634C25D1246802CB3 /* libPods-CrossPlatformToDoList.a in Frameworks */ = {isa = PBXBuildFile; fileRef = 2B29F8A7C6D0F4339738A4CF /* libPods-CrossPlatformToDoList.a */; };
/* End PBXBuildFile section */

/* Begin PBXContainerItemProxy section */
		506101DB1EC233AE00DB3F48 /* PBXContainerItemProxy */ = {
			isa = PBXContainerItemProxy;
			containerPortal = 50DEE1DD1EC0DF0F0083AA8F /* Project object */;
			proxyType = 1;
			remoteGlobalIDString = 506101D81EC233AE00DB3F48;
			remoteInfo = "WatchKit-ToDoList Extension";
		};
		506101E71EC233AE00DB3F48 /* PBXContainerItemProxy */ = {
			isa = PBXContainerItemProxy;
			containerPortal = 50DEE1DD1EC0DF0F0083AA8F /* Project object */;
			proxyType = 1;
			remoteGlobalIDString = 506101CC1EC233AD00DB3F48;
			remoteInfo = "WatchKit-ToDoList";
		};
/* End PBXContainerItemProxy section */

/* Begin PBXCopyFilesBuildPhase section */
		506101EF1EC233AE00DB3F48 /* Embed App Extensions */ = {
			isa = PBXCopyFilesBuildPhase;
			buildActionMask = 2147483647;
			dstPath = "";
			dstSubfolderSpec = 13;
			files = (
				506101DA1EC233AE00DB3F48 /* WatchKit-ToDoList Extension.appex in Embed App Extensions */,
			);
			name = "Embed App Extensions";
			runOnlyForDeploymentPostprocessing = 0;
		};
		506101F11EC233AE00DB3F48 /* Embed Watch Content */ = {
			isa = PBXCopyFilesBuildPhase;
			buildActionMask = 2147483647;
			dstPath = "$(CONTENTS_FOLDER_PATH)/Watch";
			dstSubfolderSpec = 16;
			files = (
				506101E91EC233AE00DB3F48 /* WatchKit-ToDoList.app in Embed Watch Content */,
			);
			name = "Embed Watch Content";
			runOnlyForDeploymentPostprocessing = 0;
		};
/* End PBXCopyFilesBuildPhase section */

/* Begin PBXFileReference section */
		2B29F8A7C6D0F4339738A4CF /* libPods-CrossPlatformToDoList.a */ = {isa = PBXFileReference; explicitFileType = archive.ar; includeInIndex = 0; path = "libPods-CrossPlatformToDoList.a"; sourceTree = BUILT_PRODUCTS_DIR; };
		4EE32505421879551D8312E9 /* Pods-CrossPlatformToDoList.debug.xcconfig */ = {isa = PBXFileReference; includeInIndex = 1; lastKnownFileType = text.xcconfig; name = "Pods-CrossPlatformToDoList.debug.xcconfig"; path = "Pods/Target Support Files/Pods-CrossPlatformToDoList/Pods-CrossPlatformToDoList.debug.xcconfig"; sourceTree = "<group>"; };
		5035D33F1EC121AF00237DA5 /* GoogleService-Info.plist */ = {isa = PBXFileReference; fileEncoding = 4; lastKnownFileType = text.plist.xml; path = "GoogleService-Info.plist"; sourceTree = "<group>"; };
		506101CD1EC233AD00DB3F48 /* WatchKit-ToDoList.app */ = {isa = PBXFileReference; explicitFileType = wrapper.application; includeInIndex = 0; path = "WatchKit-ToDoList.app"; sourceTree = BUILT_PRODUCTS_DIR; };
		506101D01EC233AD00DB3F48 /* Base */ = {isa = PBXFileReference; lastKnownFileType = file.storyboard; name = Base; path = Base.lproj/Interface.storyboard; sourceTree = "<group>"; };
		506101D21EC233AD00DB3F48 /* Assets.xcassets */ = {isa = PBXFileReference; lastKnownFileType = folder.assetcatalog; path = Assets.xcassets; sourceTree = "<group>"; };
		506101D41EC233AD00DB3F48 /* Info.plist */ = {isa = PBXFileReference; lastKnownFileType = text.plist.xml; path = Info.plist; sourceTree = "<group>"; };
		506101D91EC233AE00DB3F48 /* WatchKit-ToDoList Extension.appex */ = {isa = PBXFileReference; explicitFileType = "wrapper.app-extension"; includeInIndex = 0; path = "WatchKit-ToDoList Extension.appex"; sourceTree = BUILT_PRODUCTS_DIR; };
		506101DE1EC233AE00DB3F48 /* InterfaceController.h */ = {isa = PBXFileReference; lastKnownFileType = sourcecode.c.h; path = InterfaceController.h; sourceTree = "<group>"; };
		506101DF1EC233AE00DB3F48 /* InterfaceController.m */ = {isa = PBXFileReference; lastKnownFileType = sourcecode.c.objc; path = InterfaceController.m; sourceTree = "<group>"; };
		506101E11EC233AE00DB3F48 /* ExtensionDelegate.h */ = {isa = PBXFileReference; lastKnownFileType = sourcecode.c.h; path = ExtensionDelegate.h; sourceTree = "<group>"; };
		506101E21EC233AE00DB3F48 /* ExtensionDelegate.m */ = {isa = PBXFileReference; lastKnownFileType = sourcecode.c.objc; path = ExtensionDelegate.m; sourceTree = "<group>"; };
		506101E41EC233AE00DB3F48 /* Assets.xcassets */ = {isa = PBXFileReference; lastKnownFileType = folder.assetcatalog; path = Assets.xcassets; sourceTree = "<group>"; };
		506101E61EC233AE00DB3F48 /* Info.plist */ = {isa = PBXFileReference; lastKnownFileType = text.plist.xml; path = Info.plist; sourceTree = "<group>"; };
		50B785CC1EC0EBBF00994FCA /* LoginViewController.h */ = {isa = PBXFileReference; fileEncoding = 4; lastKnownFileType = sourcecode.c.h; path = LoginViewController.h; sourceTree = "<group>"; };
		50B785CD1EC0EBBF00994FCA /* LoginViewController.m */ = {isa = PBXFileReference; fileEncoding = 4; lastKnownFileType = sourcecode.c.objc; path = LoginViewController.m; sourceTree = "<group>"; };
		50B785D21EC10E5D00994FCA /* NewToDoViewController.h */ = {isa = PBXFileReference; fileEncoding = 4; lastKnownFileType = sourcecode.c.h; path = NewToDoViewController.h; sourceTree = "<group>"; };
		50B785D31EC10E5D00994FCA /* NewToDoViewController.m */ = {isa = PBXFileReference; fileEncoding = 4; lastKnownFileType = sourcecode.c.objc; path = NewToDoViewController.m; sourceTree = "<group>"; };
		50C9651B1EC14AE300DDB853 /* ToDo.h */ = {isa = PBXFileReference; fileEncoding = 4; lastKnownFileType = sourcecode.c.h; path = ToDo.h; sourceTree = "<group>"; };
		50C9651C1EC14AE300DDB853 /* ToDo.m */ = {isa = PBXFileReference; fileEncoding = 4; lastKnownFileType = sourcecode.c.objc; path = ToDo.m; sourceTree = "<group>"; };
		50DEE1E51EC0DF0F0083AA8F /* CrossPlatformToDoList.app */ = {isa = PBXFileReference; explicitFileType = wrapper.application; includeInIndex = 0; path = CrossPlatformToDoList.app; sourceTree = BUILT_PRODUCTS_DIR; };
		50DEE1E91EC0DF0F0083AA8F /* main.m */ = {isa = PBXFileReference; lastKnownFileType = sourcecode.c.objc; path = main.m; sourceTree = "<group>"; };
		50DEE1EB1EC0DF0F0083AA8F /* AppDelegate.h */ = {isa = PBXFileReference; lastKnownFileType = sourcecode.c.h; path = AppDelegate.h; sourceTree = "<group>"; };
		50DEE1EC1EC0DF0F0083AA8F /* AppDelegate.m */ = {isa = PBXFileReference; lastKnownFileType = sourcecode.c.objc; path = AppDelegate.m; sourceTree = "<group>"; };
		50DEE1EE1EC0DF0F0083AA8F /* ViewController.h */ = {isa = PBXFileReference; lastKnownFileType = sourcecode.c.h; path = ViewController.h; sourceTree = "<group>"; };
		50DEE1EF1EC0DF0F0083AA8F /* ViewController.m */ = {isa = PBXFileReference; lastKnownFileType = sourcecode.c.objc; path = ViewController.m; sourceTree = "<group>"; };
		50DEE1F21EC0DF0F0083AA8F /* Base */ = {isa = PBXFileReference; lastKnownFileType = file.storyboard; name = Base; path = Base.lproj/Main.storyboard; sourceTree = "<group>"; };
		50DEE1F41EC0DF0F0083AA8F /* Assets.xcassets */ = {isa = PBXFileReference; lastKnownFileType = folder.assetcatalog; path = Assets.xcassets; sourceTree = "<group>"; };
		50DEE1F71EC0DF0F0083AA8F /* Base */ = {isa = PBXFileReference; lastKnownFileType = file.storyboard; name = Base; path = Base.lproj/LaunchScreen.storyboard; sourceTree = "<group>"; };
		50DEE1F91EC0DF0F0083AA8F /* Info.plist */ = {isa = PBXFileReference; lastKnownFileType = text.plist.xml; path = Info.plist; sourceTree = "<group>"; };
		9EDC1564EFD9F37F55FCCD8D /* Pods-CrossPlatformToDoList.release.xcconfig */ = {isa = PBXFileReference; includeInIndex = 1; lastKnownFileType = text.xcconfig; name = "Pods-CrossPlatformToDoList.release.xcconfig"; path = "Pods/Target Support Files/Pods-CrossPlatformToDoList/Pods-CrossPlatformToDoList.release.xcconfig"; sourceTree = "<group>"; };
/* End PBXFileReference section */

/* Begin PBXFrameworksBuildPhase section */
		506101D61EC233AE00DB3F48 /* Frameworks */ = {
			isa = PBXFrameworksBuildPhase;
			buildActionMask = 2147483647;
			files = (
			);
			runOnlyForDeploymentPostprocessing = 0;
		};
		50DEE1E21EC0DF0F0083AA8F /* Frameworks */ = {
			isa = PBXFrameworksBuildPhase;
			buildActionMask = 2147483647;
			files = (
				EC14917634C25D1246802CB3 /* libPods-CrossPlatformToDoList.a in Frameworks */,
			);
			runOnlyForDeploymentPostprocessing = 0;
		};
/* End PBXFrameworksBuildPhase section */

/* Begin PBXGroup section */
		506101CE1EC233AD00DB3F48 /* WatchKit-ToDoList */ = {
			isa = PBXGroup;
			children = (
				506101CF1EC233AD00DB3F48 /* Interface.storyboard */,
				506101D21EC233AD00DB3F48 /* Assets.xcassets */,
				506101D41EC233AD00DB3F48 /* Info.plist */,
			);
			path = "WatchKit-ToDoList";
			sourceTree = "<group>";
		};
		506101DD1EC233AE00DB3F48 /* WatchKit-ToDoList Extension */ = {
			isa = PBXGroup;
			children = (
				506101DE1EC233AE00DB3F48 /* InterfaceController.h */,
				506101DF1EC233AE00DB3F48 /* InterfaceController.m */,
				506101E11EC233AE00DB3F48 /* ExtensionDelegate.h */,
				506101E21EC233AE00DB3F48 /* ExtensionDelegate.m */,
				506101E41EC233AE00DB3F48 /* Assets.xcassets */,
				506101E61EC233AE00DB3F48 /* Info.plist */,
			);
			path = "WatchKit-ToDoList Extension";
			sourceTree = "<group>";
		};
		50B785CF1EC0EBCF00994FCA /* Controller */ = {
			isa = PBXGroup;
			children = (
				50B785CC1EC0EBBF00994FCA /* LoginViewController.h */,
				50B785CD1EC0EBBF00994FCA /* LoginViewController.m */,
				50B785D21EC10E5D00994FCA /* NewToDoViewController.h */,
				50B785D31EC10E5D00994FCA /* NewToDoViewController.m */,
				50DEE1EE1EC0DF0F0083AA8F /* ViewController.h */,
				50DEE1EF1EC0DF0F0083AA8F /* ViewController.m */,
			);
			name = Controller;
			sourceTree = "<group>";
		};
		50B785D01EC0F74700994FCA /* Model */ = {
			isa = PBXGroup;
			children = (
				50C9651B1EC14AE300DDB853 /* ToDo.h */,
				50C9651C1EC14AE300DDB853 /* ToDo.m */,
				50DEE1EB1EC0DF0F0083AA8F /* AppDelegate.h */,
				50DEE1EC1EC0DF0F0083AA8F /* AppDelegate.m */,
			);
			name = Model;
			sourceTree = "<group>";
		};
		50B785D11EC0F76F00994FCA /* View */ = {
			isa = PBXGroup;
			children = (
				50DEE1F61EC0DF0F0083AA8F /* LaunchScreen.storyboard */,
				50DEE1F11EC0DF0F0083AA8F /* Main.storyboard */,
			);
			name = View;
			sourceTree = "<group>";
		};
		50DEE1DC1EC0DF0F0083AA8F = {
			isa = PBXGroup;
			children = (
				50DEE1E71EC0DF0F0083AA8F /* CrossPlatformToDoList */,
				506101CE1EC233AD00DB3F48 /* WatchKit-ToDoList */,
				506101DD1EC233AE00DB3F48 /* WatchKit-ToDoList Extension */,
				50DEE1E61EC0DF0F0083AA8F /* Products */,
				F2DE4D95BDEF54A9DA59E890 /* Pods */,
				D1A620EAE2B01BCB6FB4A234 /* Frameworks */,
			);
			sourceTree = "<group>";
		};
		50DEE1E61EC0DF0F0083AA8F /* Products */ = {
			isa = PBXGroup;
			children = (
				50DEE1E51EC0DF0F0083AA8F /* CrossPlatformToDoList.app */,
				506101CD1EC233AD00DB3F48 /* WatchKit-ToDoList.app */,
				506101D91EC233AE00DB3F48 /* WatchKit-ToDoList Extension.appex */,
			);
			name = Products;
			sourceTree = "<group>";
		};
		50DEE1E71EC0DF0F0083AA8F /* CrossPlatformToDoList */ = {
			isa = PBXGroup;
			children = (
				50B785D01EC0F74700994FCA /* Model */,
				50B785D11EC0F76F00994FCA /* View */,
				50B785CF1EC0EBCF00994FCA /* Controller */,
				50DEE1E81EC0DF0F0083AA8F /* Supporting Files */,
			);
			path = CrossPlatformToDoList;
			sourceTree = "<group>";
		};
		50DEE1E81EC0DF0F0083AA8F /* Supporting Files */ = {
			isa = PBXGroup;
			children = (
				5035D33F1EC121AF00237DA5 /* GoogleService-Info.plist */,
				50DEE1F41EC0DF0F0083AA8F /* Assets.xcassets */,
				50DEE1F91EC0DF0F0083AA8F /* Info.plist */,
				50DEE1E91EC0DF0F0083AA8F /* main.m */,
			);
			name = "Supporting Files";
			sourceTree = "<group>";
		};
		D1A620EAE2B01BCB6FB4A234 /* Frameworks */ = {
			isa = PBXGroup;
			children = (
				2B29F8A7C6D0F4339738A4CF /* libPods-CrossPlatformToDoList.a */,
			);
			name = Frameworks;
			sourceTree = "<group>";
		};
		F2DE4D95BDEF54A9DA59E890 /* Pods */ = {
			isa = PBXGroup;
			children = (
				4EE32505421879551D8312E9 /* Pods-CrossPlatformToDoList.debug.xcconfig */,
				9EDC1564EFD9F37F55FCCD8D /* Pods-CrossPlatformToDoList.release.xcconfig */,
			);
			name = Pods;
			sourceTree = "<group>";
		};
/* End PBXGroup section */

/* Begin PBXNativeTarget section */
		506101CC1EC233AD00DB3F48 /* WatchKit-ToDoList */ = {
			isa = PBXNativeTarget;
			buildConfigurationList = 506101F01EC233AE00DB3F48 /* Build configuration list for PBXNativeTarget "WatchKit-ToDoList" */;
			buildPhases = (
				506101CB1EC233AD00DB3F48 /* Resources */,
				506101EF1EC233AE00DB3F48 /* Embed App Extensions */,
			);
			buildRules = (
			);
			dependencies = (
				506101DC1EC233AE00DB3F48 /* PBXTargetDependency */,
			);
			name = "WatchKit-ToDoList";
			productName = "WatchKit-ToDoList";
			productReference = 506101CD1EC233AD00DB3F48 /* WatchKit-ToDoList.app */;
			productType = "com.apple.product-type.application.watchapp2";
		};
		506101D81EC233AE00DB3F48 /* WatchKit-ToDoList Extension */ = {
			isa = PBXNativeTarget;
			buildConfigurationList = 506101EE1EC233AE00DB3F48 /* Build configuration list for PBXNativeTarget "WatchKit-ToDoList Extension" */;
			buildPhases = (
				506101D51EC233AE00DB3F48 /* Sources */,
				506101D61EC233AE00DB3F48 /* Frameworks */,
				506101D71EC233AE00DB3F48 /* Resources */,
			);
			buildRules = (
			);
			dependencies = (
			);
			name = "WatchKit-ToDoList Extension";
			productName = "WatchKit-ToDoList Extension";
			productReference = 506101D91EC233AE00DB3F48 /* WatchKit-ToDoList Extension.appex */;
			productType = "com.apple.product-type.watchkit2-extension";
		};
		50DEE1E41EC0DF0F0083AA8F /* CrossPlatformToDoList */ = {
			isa = PBXNativeTarget;
			buildConfigurationList = 50DEE1FC1EC0DF0F0083AA8F /* Build configuration list for PBXNativeTarget "CrossPlatformToDoList" */;
			buildPhases = (
				F45E18DE530FA921BB41C4D2 /* [CP] Check Pods Manifest.lock */,
				50DEE1E11EC0DF0F0083AA8F /* Sources */,
				50DEE1E21EC0DF0F0083AA8F /* Frameworks */,
				50DEE1E31EC0DF0F0083AA8F /* Resources */,
				F330DECB1AA31D7EF171918D /* [CP] Embed Pods Frameworks */,
				8EE73EB44791A594E677B72C /* [CP] Copy Pods Resources */,
				506101F11EC233AE00DB3F48 /* Embed Watch Content */,
			);
			buildRules = (
			);
			dependencies = (
				506101E81EC233AE00DB3F48 /* PBXTargetDependency */,
			);
			name = CrossPlatformToDoList;
			productName = CrossPlatformToDoList;
			productReference = 50DEE1E51EC0DF0F0083AA8F /* CrossPlatformToDoList.app */;
			productType = "com.apple.product-type.application";
		};
/* End PBXNativeTarget section */

/* Begin PBXProject section */
		50DEE1DD1EC0DF0F0083AA8F /* Project object */ = {
			isa = PBXProject;
			attributes = {
				LastUpgradeCheck = 0830;
				ORGANIZATIONNAME = "Eve Denison";
				TargetAttributes = {
					506101CC1EC233AD00DB3F48 = {
						CreatedOnToolsVersion = 8.3.2;
						DevelopmentTeam = UG659HW99G;
						ProvisioningStyle = Automatic;
					};
					506101D81EC233AE00DB3F48 = {
						CreatedOnToolsVersion = 8.3.2;
						DevelopmentTeam = UG659HW99G;
						ProvisioningStyle = Automatic;
					};
					50DEE1E41EC0DF0F0083AA8F = {
						CreatedOnToolsVersion = 8.3.2;
						DevelopmentTeam = UG659HW99G;
						ProvisioningStyle = Automatic;
					};
				};
			};
			buildConfigurationList = 50DEE1E01EC0DF0F0083AA8F /* Build configuration list for PBXProject "CrossPlatformToDoList" */;
			compatibilityVersion = "Xcode 3.2";
			developmentRegion = English;
			hasScannedForEncodings = 0;
			knownRegions = (
				en,
				Base,
			);
			mainGroup = 50DEE1DC1EC0DF0F0083AA8F;
			productRefGroup = 50DEE1E61EC0DF0F0083AA8F /* Products */;
			projectDirPath = "";
			projectRoot = "";
			targets = (
				50DEE1E41EC0DF0F0083AA8F /* CrossPlatformToDoList */,
				506101CC1EC233AD00DB3F48 /* WatchKit-ToDoList */,
				506101D81EC233AE00DB3F48 /* WatchKit-ToDoList Extension */,
			);
		};
/* End PBXProject section */

/* Begin PBXResourcesBuildPhase section */
		506101CB1EC233AD00DB3F48 /* Resources */ = {
			isa = PBXResourcesBuildPhase;
			buildActionMask = 2147483647;
			files = (
				506101D31EC233AD00DB3F48 /* Assets.xcassets in Resources */,
				506101D11EC233AD00DB3F48 /* Interface.storyboard in Resources */,
			);
			runOnlyForDeploymentPostprocessing = 0;
		};
		506101D71EC233AE00DB3F48 /* Resources */ = {
			isa = PBXResourcesBuildPhase;
			buildActionMask = 2147483647;
			files = (
				506101E51EC233AE00DB3F48 /* Assets.xcassets in Resources */,
			);
			runOnlyForDeploymentPostprocessing = 0;
		};
		50DEE1E31EC0DF0F0083AA8F /* Resources */ = {
			isa = PBXResourcesBuildPhase;
			buildActionMask = 2147483647;
			files = (
				50DEE1F81EC0DF0F0083AA8F /* LaunchScreen.storyboard in Resources */,
				5035D3401EC121AF00237DA5 /* GoogleService-Info.plist in Resources */,
				50DEE1F51EC0DF0F0083AA8F /* Assets.xcassets in Resources */,
				50DEE1F31EC0DF0F0083AA8F /* Main.storyboard in Resources */,
			);
			runOnlyForDeploymentPostprocessing = 0;
		};
/* End PBXResourcesBuildPhase section */

/* Begin PBXShellScriptBuildPhase section */
		8EE73EB44791A594E677B72C /* [CP] Copy Pods Resources */ = {
			isa = PBXShellScriptBuildPhase;
			buildActionMask = 2147483647;
			files = (
			);
			inputPaths = (
			);
			name = "[CP] Copy Pods Resources";
			outputPaths = (
			);
			runOnlyForDeploymentPostprocessing = 0;
			shellPath = /bin/sh;
			shellScript = "\"${SRCROOT}/Pods/Target Support Files/Pods-CrossPlatformToDoList/Pods-CrossPlatformToDoList-resources.sh\"\n";
			showEnvVarsInLog = 0;
		};
		F330DECB1AA31D7EF171918D /* [CP] Embed Pods Frameworks */ = {
			isa = PBXShellScriptBuildPhase;
			buildActionMask = 2147483647;
			files = (
			);
			inputPaths = (
			);
			name = "[CP] Embed Pods Frameworks";
			outputPaths = (
			);
			runOnlyForDeploymentPostprocessing = 0;
			shellPath = /bin/sh;
			shellScript = "\"${SRCROOT}/Pods/Target Support Files/Pods-CrossPlatformToDoList/Pods-CrossPlatformToDoList-frameworks.sh\"\n";
			showEnvVarsInLog = 0;
		};
		F45E18DE530FA921BB41C4D2 /* [CP] Check Pods Manifest.lock */ = {
			isa = PBXShellScriptBuildPhase;
			buildActionMask = 2147483647;
			files = (
			);
			inputPaths = (
			);
			name = "[CP] Check Pods Manifest.lock";
			outputPaths = (
			);
			runOnlyForDeploymentPostprocessing = 0;
			shellPath = /bin/sh;
			shellScript = "diff \"${PODS_PODFILE_DIR_PATH}/Podfile.lock\" \"${PODS_ROOT}/Manifest.lock\" > /dev/null\nif [ $? != 0 ] ; then\n    # print error to STDERR\n    echo \"error: The sandbox is not in sync with the Podfile.lock. Run 'pod install' or update your CocoaPods installation.\" >&2\n    exit 1\nfi\n";
			showEnvVarsInLog = 0;
		};
/* End PBXShellScriptBuildPhase section */

/* Begin PBXSourcesBuildPhase section */
		506101D51EC233AE00DB3F48 /* Sources */ = {
			isa = PBXSourcesBuildPhase;
			buildActionMask = 2147483647;
			files = (
				506101E31EC233AE00DB3F48 /* ExtensionDelegate.m in Sources */,
				506101E01EC233AE00DB3F48 /* InterfaceController.m in Sources */,
			);
			runOnlyForDeploymentPostprocessing = 0;
		};
		50DEE1E11EC0DF0F0083AA8F /* Sources */ = {
			isa = PBXSourcesBuildPhase;
			buildActionMask = 2147483647;
			files = (
				50B785CE1EC0EBBF00994FCA /* LoginViewController.m in Sources */,
				50B785D41EC10E5D00994FCA /* NewToDoViewController.m in Sources */,
				50DEE1F01EC0DF0F0083AA8F /* ViewController.m in Sources */,
				50DEE1ED1EC0DF0F0083AA8F /* AppDelegate.m in Sources */,
				50DEE1EA1EC0DF0F0083AA8F /* main.m in Sources */,
				50C9651D1EC14AE300DDB853 /* ToDo.m in Sources */,
			);
			runOnlyForDeploymentPostprocessing = 0;
		};
/* End PBXSourcesBuildPhase section */

/* Begin PBXTargetDependency section */
		506101DC1EC233AE00DB3F48 /* PBXTargetDependency */ = {
			isa = PBXTargetDependency;
			target = 506101D81EC233AE00DB3F48 /* WatchKit-ToDoList Extension */;
			targetProxy = 506101DB1EC233AE00DB3F48 /* PBXContainerItemProxy */;
		};
		506101E81EC233AE00DB3F48 /* PBXTargetDependency */ = {
			isa = PBXTargetDependency;
			target = 506101CC1EC233AD00DB3F48 /* WatchKit-ToDoList */;
			targetProxy = 506101E71EC233AE00DB3F48 /* PBXContainerItemProxy */;
		};
/* End PBXTargetDependency section */

/* Begin PBXVariantGroup section */
		506101CF1EC233AD00DB3F48 /* Interface.storyboard */ = {
			isa = PBXVariantGroup;
			children = (
				506101D01EC233AD00DB3F48 /* Base */,
			);
			name = Interface.storyboard;
			sourceTree = "<group>";
		};
		50DEE1F11EC0DF0F0083AA8F /* Main.storyboard */ = {
			isa = PBXVariantGroup;
			children = (
				50DEE1F21EC0DF0F0083AA8F /* Base */,
			);
			name = Main.storyboard;
			sourceTree = "<group>";
		};
		50DEE1F61EC0DF0F0083AA8F /* LaunchScreen.storyboard */ = {
			isa = PBXVariantGroup;
			children = (
				50DEE1F71EC0DF0F0083AA8F /* Base */,
			);
			name = LaunchScreen.storyboard;
			sourceTree = "<group>";
		};
/* End PBXVariantGroup section */

/* Begin XCBuildConfiguration section */
		506101EA1EC233AE00DB3F48 /* Debug */ = {
			isa = XCBuildConfiguration;
			buildSettings = {
				ASSETCATALOG_COMPILER_APPICON_NAME = AppIcon;
				DEVELOPMENT_TEAM = UG659HW99G;
				IBSC_MODULE = WatchKit_ToDoList_Extension;
				INFOPLIST_FILE = "WatchKit-ToDoList/Info.plist";
				PRODUCT_BUNDLE_IDENTIFIER = com.evedenison.CrossPlatformToDoList.watchkitapp;
				PRODUCT_NAME = "$(TARGET_NAME)";
				SDKROOT = watchos;
				SKIP_INSTALL = YES;
				TARGETED_DEVICE_FAMILY = 4;
				WATCHOS_DEPLOYMENT_TARGET = 3.2;
			};
			name = Debug;
		};
		506101EB1EC233AE00DB3F48 /* Release */ = {
			isa = XCBuildConfiguration;
			buildSettings = {
				ASSETCATALOG_COMPILER_APPICON_NAME = AppIcon;
				DEVELOPMENT_TEAM = UG659HW99G;
				IBSC_MODULE = WatchKit_ToDoList_Extension;
				INFOPLIST_FILE = "WatchKit-ToDoList/Info.plist";
				PRODUCT_BUNDLE_IDENTIFIER = com.evedenison.CrossPlatformToDoList.watchkitapp;
				PRODUCT_NAME = "$(TARGET_NAME)";
				SDKROOT = watchos;
				SKIP_INSTALL = YES;
				TARGETED_DEVICE_FAMILY = 4;
				WATCHOS_DEPLOYMENT_TARGET = 3.2;
			};
			name = Release;
		};
		506101EC1EC233AE00DB3F48 /* Debug */ = {
			isa = XCBuildConfiguration;
			buildSettings = {
				ASSETCATALOG_COMPILER_COMPLICATION_NAME = Complication;
				DEVELOPMENT_TEAM = UG659HW99G;
				INFOPLIST_FILE = "WatchKit-ToDoList Extension/Info.plist";
				LD_RUNPATH_SEARCH_PATHS = "$(inherited) @executable_path/Frameworks @executable_path/../../Frameworks";
				PRODUCT_BUNDLE_IDENTIFIER = com.evedenison.CrossPlatformToDoList.watchkitapp.watchkitextension;
				PRODUCT_NAME = "${TARGET_NAME}";
				SDKROOT = watchos;
				SKIP_INSTALL = YES;
				TARGETED_DEVICE_FAMILY = 4;
				WATCHOS_DEPLOYMENT_TARGET = 3.2;
			};
			name = Debug;
		};
		506101ED1EC233AE00DB3F48 /* Release */ = {
			isa = XCBuildConfiguration;
			buildSettings = {
				ASSETCATALOG_COMPILER_COMPLICATION_NAME = Complication;
				DEVELOPMENT_TEAM = UG659HW99G;
				INFOPLIST_FILE = "WatchKit-ToDoList Extension/Info.plist";
				LD_RUNPATH_SEARCH_PATHS = "$(inherited) @executable_path/Frameworks @executable_path/../../Frameworks";
				PRODUCT_BUNDLE_IDENTIFIER = com.evedenison.CrossPlatformToDoList.watchkitapp.watchkitextension;
				PRODUCT_NAME = "${TARGET_NAME}";
				SDKROOT = watchos;
				SKIP_INSTALL = YES;
				TARGETED_DEVICE_FAMILY = 4;
				WATCHOS_DEPLOYMENT_TARGET = 3.2;
			};
			name = Release;
		};
		50DEE1FA1EC0DF0F0083AA8F /* Debug */ = {
			isa = XCBuildConfiguration;
			buildSettings = {
				ALWAYS_SEARCH_USER_PATHS = NO;
				CLANG_ANALYZER_NONNULL = YES;
				CLANG_ANALYZER_NUMBER_OBJECT_CONVERSION = YES_AGGRESSIVE;
				CLANG_CXX_LANGUAGE_STANDARD = "gnu++0x";
				CLANG_CXX_LIBRARY = "libc++";
				CLANG_ENABLE_MODULES = YES;
				CLANG_ENABLE_OBJC_ARC = YES;
				CLANG_WARN_BOOL_CONVERSION = YES;
				CLANG_WARN_CONSTANT_CONVERSION = YES;
				CLANG_WARN_DIRECT_OBJC_ISA_USAGE = YES_ERROR;
				CLANG_WARN_DOCUMENTATION_COMMENTS = YES;
				CLANG_WARN_EMPTY_BODY = YES;
				CLANG_WARN_ENUM_CONVERSION = YES;
				CLANG_WARN_INFINITE_RECURSION = YES;
				CLANG_WARN_INT_CONVERSION = YES;
				CLANG_WARN_OBJC_ROOT_CLASS = YES_ERROR;
				CLANG_WARN_SUSPICIOUS_MOVE = YES;
				CLANG_WARN_UNREACHABLE_CODE = YES;
				CLANG_WARN__DUPLICATE_METHOD_MATCH = YES;
				"CODE_SIGN_IDENTITY[sdk=iphoneos*]" = "iPhone Developer";
				COPY_PHASE_STRIP = NO;
				DEBUG_INFORMATION_FORMAT = dwarf;
				ENABLE_STRICT_OBJC_MSGSEND = YES;
				ENABLE_TESTABILITY = YES;
				GCC_C_LANGUAGE_STANDARD = gnu99;
				GCC_DYNAMIC_NO_PIC = NO;
				GCC_NO_COMMON_BLOCKS = YES;
				GCC_OPTIMIZATION_LEVEL = 0;
				GCC_PREPROCESSOR_DEFINITIONS = (
					"DEBUG=1",
					"$(inherited)",
				);
				GCC_WARN_64_TO_32_BIT_CONVERSION = YES;
				GCC_WARN_ABOUT_RETURN_TYPE = YES_ERROR;
				GCC_WARN_UNDECLARED_SELECTOR = YES;
				GCC_WARN_UNINITIALIZED_AUTOS = YES_AGGRESSIVE;
				GCC_WARN_UNUSED_FUNCTION = YES;
				GCC_WARN_UNUSED_VARIABLE = YES;
				IPHONEOS_DEPLOYMENT_TARGET = 10.3;
				MTL_ENABLE_DEBUG_INFO = YES;
				ONLY_ACTIVE_ARCH = YES;
				SDKROOT = iphoneos;
				TARGETED_DEVICE_FAMILY = "1,2";
			};
			name = Debug;
		};
		50DEE1FB1EC0DF0F0083AA8F /* Release */ = {
			isa = XCBuildConfiguration;
			buildSettings = {
				ALWAYS_SEARCH_USER_PATHS = NO;
				CLANG_ANALYZER_NONNULL = YES;
				CLANG_ANALYZER_NUMBER_OBJECT_CONVERSION = YES_AGGRESSIVE;
				CLANG_CXX_LANGUAGE_STANDARD = "gnu++0x";
				CLANG_CXX_LIBRARY = "libc++";
				CLANG_ENABLE_MODULES = YES;
				CLANG_ENABLE_OBJC_ARC = YES;
				CLANG_WARN_BOOL_CONVERSION = YES;
				CLANG_WARN_CONSTANT_CONVERSION = YES;
				CLANG_WARN_DIRECT_OBJC_ISA_USAGE = YES_ERROR;
				CLANG_WARN_DOCUMENTATION_COMMENTS = YES;
				CLANG_WARN_EMPTY_BODY = YES;
				CLANG_WARN_ENUM_CONVERSION = YES;
				CLANG_WARN_INFINITE_RECURSION = YES;
				CLANG_WARN_INT_CONVERSION = YES;
				CLANG_WARN_OBJC_ROOT_CLASS = YES_ERROR;
				CLANG_WARN_SUSPICIOUS_MOVE = YES;
				CLANG_WARN_UNREACHABLE_CODE = YES;
				CLANG_WARN__DUPLICATE_METHOD_MATCH = YES;
				"CODE_SIGN_IDENTITY[sdk=iphoneos*]" = "iPhone Developer";
				COPY_PHASE_STRIP = NO;
				DEBUG_INFORMATION_FORMAT = "dwarf-with-dsym";
				ENABLE_NS_ASSERTIONS = NO;
				ENABLE_STRICT_OBJC_MSGSEND = YES;
				GCC_C_LANGUAGE_STANDARD = gnu99;
				GCC_NO_COMMON_BLOCKS = YES;
				GCC_WARN_64_TO_32_BIT_CONVERSION = YES;
				GCC_WARN_ABOUT_RETURN_TYPE = YES_ERROR;
				GCC_WARN_UNDECLARED_SELECTOR = YES;
				GCC_WARN_UNINITIALIZED_AUTOS = YES_AGGRESSIVE;
				GCC_WARN_UNUSED_FUNCTION = YES;
				GCC_WARN_UNUSED_VARIABLE = YES;
				IPHONEOS_DEPLOYMENT_TARGET = 10.3;
				MTL_ENABLE_DEBUG_INFO = NO;
				SDKROOT = iphoneos;
				TARGETED_DEVICE_FAMILY = "1,2";
				VALIDATE_PRODUCT = YES;
			};
			name = Release;
		};
		50DEE1FD1EC0DF0F0083AA8F /* Debug */ = {
			isa = XCBuildConfiguration;
			baseConfigurationReference = 4EE32505421879551D8312E9 /* Pods-CrossPlatformToDoList.debug.xcconfig */;
			buildSettings = {
				ASSETCATALOG_COMPILER_APPICON_NAME = AppIcon;
				DEVELOPMENT_TEAM = UG659HW99G;
				INFOPLIST_FILE = CrossPlatformToDoList/Info.plist;
				LD_RUNPATH_SEARCH_PATHS = "$(inherited) @executable_path/Frameworks";
				PRODUCT_BUNDLE_IDENTIFIER = com.evedenison.CrossPlatformToDoList;
				PRODUCT_NAME = "$(TARGET_NAME)";
			};
			name = Debug;
		};
		50DEE1FE1EC0DF0F0083AA8F /* Release */ = {
			isa = XCBuildConfiguration;
			baseConfigurationReference = 9EDC1564EFD9F37F55FCCD8D /* Pods-CrossPlatformToDoList.release.xcconfig */;
			buildSettings = {
				ASSETCATALOG_COMPILER_APPICON_NAME = AppIcon;
				DEVELOPMENT_TEAM = UG659HW99G;
				INFOPLIST_FILE = CrossPlatformToDoList/Info.plist;
				LD_RUNPATH_SEARCH_PATHS = "$(inherited) @executable_path/Frameworks";
				PRODUCT_BUNDLE_IDENTIFIER = com.evedenison.CrossPlatformToDoList;
				PRODUCT_NAME = "$(TARGET_NAME)";
			};
			name = Release;
		};
/* End XCBuildConfiguration section */

/* Begin XCConfigurationList section */
		506101EE1EC233AE00DB3F48 /* Build configuration list for PBXNativeTarget "WatchKit-ToDoList Extension" */ = {
			isa = XCConfigurationList;
			buildConfigurations = (
				506101EC1EC233AE00DB3F48 /* Debug */,
				506101ED1EC233AE00DB3F48 /* Release */,
			);
			defaultConfigurationIsVisible = 0;
		};
		506101F01EC233AE00DB3F48 /* Build configuration list for PBXNativeTarget "WatchKit-ToDoList" */ = {
			isa = XCConfigurationList;
			buildConfigurations = (
				506101EA1EC233AE00DB3F48 /* Debug */,
				506101EB1EC233AE00DB3F48 /* Release */,
			);
			defaultConfigurationIsVisible = 0;
		};
		50DEE1E01EC0DF0F0083AA8F /* Build configuration list for PBXProject "CrossPlatformToDoList" */ = {
			isa = XCConfigurationList;
			buildConfigurations = (
				50DEE1FA1EC0DF0F0083AA8F /* Debug */,
				50DEE1FB1EC0DF0F0083AA8F /* Release */,
			);
			defaultConfigurationIsVisible = 0;
			defaultConfigurationName = Release;
		};
		50DEE1FC1EC0DF0F0083AA8F /* Build configuration list for PBXNativeTarget "CrossPlatformToDoList" */ = {
			isa = XCConfigurationList;
			buildConfigurations = (
				50DEE1FD1EC0DF0F0083AA8F /* Debug */,
				50DEE1FE1EC0DF0F0083AA8F /* Release */,
			);
			defaultConfigurationIsVisible = 0;
			defaultConfigurationName = Release;
		};
/* End XCConfigurationList section */
	};
	rootObject = 50DEE1DD1EC0DF0F0083AA8F /* Project object */;
}
